// !$*UTF8*$!
{
	archiveVersion = 1;
	classes = {
	};
	objectVersion = 56;
	objects = {

/* Begin PBXBuildFile section */
		2250D31429C6525200521C78 /* RamblieIOSApp.swift in Sources */ = {isa = PBXBuildFile; fileRef = 2250D31329C6525200521C78 /* RamblieIOSApp.swift */; };
		2250D31629C6525200521C78 /* ContentView.swift in Sources */ = {isa = PBXBuildFile; fileRef = 2250D31529C6525200521C78 /* ContentView.swift */; };
		2250D31829C6525500521C78 /* Assets.xcassets in Resources */ = {isa = PBXBuildFile; fileRef = 2250D31729C6525500521C78 /* Assets.xcassets */; };
		2250D31C29C6525500521C78 /* Preview Assets.xcassets in Resources */ = {isa = PBXBuildFile; fileRef = 2250D31B29C6525500521C78 /* Preview Assets.xcassets */; };
		2250D32629C6525500521C78 /* RamblieIOSTests.swift in Sources */ = {isa = PBXBuildFile; fileRef = 2250D32529C6525500521C78 /* RamblieIOSTests.swift */; };
		2250D33029C6525500521C78 /* RamblieIOSUITests.swift in Sources */ = {isa = PBXBuildFile; fileRef = 2250D32F29C6525500521C78 /* RamblieIOSUITests.swift */; };
		2250D33229C6525500521C78 /* RamblieIOSUITestsLaunchTests.swift in Sources */ = {isa = PBXBuildFile; fileRef = 2250D33129C6525500521C78 /* RamblieIOSUITestsLaunchTests.swift */; };
/* End PBXBuildFile section */

/* Begin PBXContainerItemProxy section */
		2250D32229C6525500521C78 /* PBXContainerItemProxy */ = {
			isa = PBXContainerItemProxy;
			containerPortal = 2250D30829C6525200521C78 /* Project object */;
			proxyType = 1;
			remoteGlobalIDString = 2250D30F29C6525200521C78;
			remoteInfo = RamblieIOS;
		};
		2250D32C29C6525500521C78 /* PBXContainerItemProxy */ = {
			isa = PBXContainerItemProxy;
			containerPortal = 2250D30829C6525200521C78 /* Project object */;
			proxyType = 1;
			remoteGlobalIDString = 2250D30F29C6525200521C78;
			remoteInfo = RamblieIOS;
		};
/* End PBXContainerItemProxy section */

/* Begin PBXFileReference section */
		2250D31029C6525200521C78 /* RamblieIOS.app */ = {isa = PBXFileReference; explicitFileType = wrapper.application; includeInIndex = 0; path = RamblieIOS.app; sourceTree = BUILT_PRODUCTS_DIR; };
		2250D31329C6525200521C78 /* RamblieIOSApp.swift */ = {isa = PBXFileReference; lastKnownFileType = sourcecode.swift; path = RamblieIOSApp.swift; sourceTree = "<group>"; };
		2250D31529C6525200521C78 /* ContentView.swift */ = {isa = PBXFileReference; lastKnownFileType = sourcecode.swift; path = ContentView.swift; sourceTree = "<group>"; };
		2250D31729C6525500521C78 /* Assets.xcassets */ = {isa = PBXFileReference; lastKnownFileType = folder.assetcatalog; path = Assets.xcassets; sourceTree = "<group>"; };
		2250D31929C6525500521C78 /* RamblieIOS.entitlements */ = {isa = PBXFileReference; lastKnownFileType = text.plist.entitlements; path = RamblieIOS.entitlements; sourceTree = "<group>"; };
		2250D31B29C6525500521C78 /* Preview Assets.xcassets */ = {isa = PBXFileReference; lastKnownFileType = folder.assetcatalog; path = "Preview Assets.xcassets"; sourceTree = "<group>"; };
		2250D32129C6525500521C78 /* RamblieIOSTests.xctest */ = {isa = PBXFileReference; explicitFileType = wrapper.cfbundle; includeInIndex = 0; path = RamblieIOSTests.xctest; sourceTree = BUILT_PRODUCTS_DIR; };
		2250D32529C6525500521C78 /* RamblieIOSTests.swift */ = {isa = PBXFileReference; lastKnownFileType = sourcecode.swift; path = RamblieIOSTests.swift; sourceTree = "<group>"; };
		2250D32B29C6525500521C78 /* RamblieIOSUITests.xctest */ = {isa = PBXFileReference; explicitFileType = wrapper.cfbundle; includeInIndex = 0; path = RamblieIOSUITests.xctest; sourceTree = BUILT_PRODUCTS_DIR; };
		2250D32F29C6525500521C78 /* RamblieIOSUITests.swift */ = {isa = PBXFileReference; lastKnownFileType = sourcecode.swift; path = RamblieIOSUITests.swift; sourceTree = "<group>"; };
		2250D33129C6525500521C78 /* RamblieIOSUITestsLaunchTests.swift */ = {isa = PBXFileReference; lastKnownFileType = sourcecode.swift; path = RamblieIOSUITestsLaunchTests.swift; sourceTree = "<group>"; };
/* End PBXFileReference section */

/* Begin PBXFrameworksBuildPhase section */
		2250D30D29C6525200521C78 /* Frameworks */ = {
			isa = PBXFrameworksBuildPhase;
			buildActionMask = 2147483647;
			files = (
			);
			runOnlyForDeploymentPostprocessing = 0;
		};
		2250D31E29C6525500521C78 /* Frameworks */ = {
			isa = PBXFrameworksBuildPhase;
			buildActionMask = 2147483647;
			files = (
			);
			runOnlyForDeploymentPostprocessing = 0;
		};
		2250D32829C6525500521C78 /* Frameworks */ = {
			isa = PBXFrameworksBuildPhase;
			buildActionMask = 2147483647;
			files = (
			);
			runOnlyForDeploymentPostprocessing = 0;
		};
/* End PBXFrameworksBuildPhase section */

/* Begin PBXGroup section */
		2250D30729C6525200521C78 = {
			isa = PBXGroup;
			children = (
				2250D31229C6525200521C78 /* RamblieIOS */,
				2250D32429C6525500521C78 /* RamblieIOSTests */,
				2250D32E29C6525500521C78 /* RamblieIOSUITests */,
				2250D31129C6525200521C78 /* Products */,
			);
			sourceTree = "<group>";
		};
		2250D31129C6525200521C78 /* Products */ = {
			isa = PBXGroup;
			children = (
				2250D31029C6525200521C78 /* RamblieIOS.app */,
				2250D32129C6525500521C78 /* RamblieIOSTests.xctest */,
				2250D32B29C6525500521C78 /* RamblieIOSUITests.xctest */,
			);
			name = Products;
			sourceTree = "<group>";
		};
		2250D31229C6525200521C78 /* RamblieIOS */ = {
			isa = PBXGroup;
			children = (
				2250D31329C6525200521C78 /* RamblieIOSApp.swift */,
				2250D31529C6525200521C78 /* ContentView.swift */,
				2250D31729C6525500521C78 /* Assets.xcassets */,
				2250D31929C6525500521C78 /* RamblieIOS.entitlements */,
				2250D31A29C6525500521C78 /* Preview Content */,
			);
			path = RamblieIOS;
			sourceTree = "<group>";
		};
		2250D31A29C6525500521C78 /* Preview Content */ = {
			isa = PBXGroup;
			children = (
				2250D31B29C6525500521C78 /* Preview Assets.xcassets */,
			);
			path = "Preview Content";
			sourceTree = "<group>";
		};
		2250D32429C6525500521C78 /* RamblieIOSTests */ = {
			isa = PBXGroup;
			children = (
				2250D32529C6525500521C78 /* RamblieIOSTests.swift */,
			);
			path = RamblieIOSTests;
			sourceTree = "<group>";
		};
		2250D32E29C6525500521C78 /* RamblieIOSUITests */ = {
			isa = PBXGroup;
			children = (
				2250D32F29C6525500521C78 /* RamblieIOSUITests.swift */,
				2250D33129C6525500521C78 /* RamblieIOSUITestsLaunchTests.swift */,
			);
			path = RamblieIOSUITests;
			sourceTree = "<group>";
		};
/* End PBXGroup section */

/* Begin PBXNativeTarget section */
		2250D30F29C6525200521C78 /* RamblieIOS */ = {
			isa = PBXNativeTarget;
			buildConfigurationList = 2250D33529C6525500521C78 /* Build configuration list for PBXNativeTarget "RamblieIOS" */;
			buildPhases = (
				2250D30C29C6525200521C78 /* Sources */,
				2250D30D29C6525200521C78 /* Frameworks */,
				2250D30E29C6525200521C78 /* Resources */,
			);
			buildRules = (
			);
			dependencies = (
			);
			name = RamblieIOS;
			productName = RamblieIOS;
			productReference = 2250D31029C6525200521C78 /* RamblieIOS.app */;
			productType = "com.apple.product-type.application";
		};
		2250D32029C6525500521C78 /* RamblieIOSTests */ = {
			isa = PBXNativeTarget;
			buildConfigurationList = 2250D33829C6525500521C78 /* Build configuration list for PBXNativeTarget "RamblieIOSTests" */;
			buildPhases = (
				2250D31D29C6525500521C78 /* Sources */,
				2250D31E29C6525500521C78 /* Frameworks */,
				2250D31F29C6525500521C78 /* Resources */,
			);
			buildRules = (
			);
			dependencies = (
				2250D32329C6525500521C78 /* PBXTargetDependency */,
			);
			name = RamblieIOSTests;
			productName = RamblieIOSTests;
			productReference = 2250D32129C6525500521C78 /* RamblieIOSTests.xctest */;
			productType = "com.apple.product-type.bundle.unit-test";
		};
		2250D32A29C6525500521C78 /* RamblieIOSUITests */ = {
			isa = PBXNativeTarget;
			buildConfigurationList = 2250D33B29C6525500521C78 /* Build configuration list for PBXNativeTarget "RamblieIOSUITests" */;
			buildPhases = (
				2250D32729C6525500521C78 /* Sources */,
				2250D32829C6525500521C78 /* Frameworks */,
				2250D32929C6525500521C78 /* Resources */,
			);
			buildRules = (
			);
			dependencies = (
				2250D32D29C6525500521C78 /* PBXTargetDependency */,
			);
			name = RamblieIOSUITests;
			productName = RamblieIOSUITests;
			productReference = 2250D32B29C6525500521C78 /* RamblieIOSUITests.xctest */;
			productType = "com.apple.product-type.bundle.ui-testing";
		};
/* End PBXNativeTarget section */

/* Begin PBXProject section */
		2250D30829C6525200521C78 /* Project object */ = {
			isa = PBXProject;
			attributes = {
				BuildIndependentTargetsInParallel = 1;
				LastSwiftUpdateCheck = 1400;
				LastUpgradeCheck = 1400;
				TargetAttributes = {
					2250D30F29C6525200521C78 = {
						CreatedOnToolsVersion = 14.0;
					};
					2250D32029C6525500521C78 = {
						CreatedOnToolsVersion = 14.0;
						TestTargetID = 2250D30F29C6525200521C78;
					};
					2250D32A29C6525500521C78 = {
						CreatedOnToolsVersion = 14.0;
						TestTargetID = 2250D30F29C6525200521C78;
					};
				};
			};
			buildConfigurationList = 2250D30B29C6525200521C78 /* Build configuration list for PBXProject "RamblieIOS" */;
			compatibilityVersion = "Xcode 14.0";
			developmentRegion = en;
			hasScannedForEncodings = 0;
			knownRegions = (
				en,
				Base,
			);
			mainGroup = 2250D30729C6525200521C78;
			productRefGroup = 2250D31129C6525200521C78 /* Products */;
			projectDirPath = "";
			projectRoot = "";
			targets = (
				2250D30F29C6525200521C78 /* RamblieIOS */,
				2250D32029C6525500521C78 /* RamblieIOSTests */,
				2250D32A29C6525500521C78 /* RamblieIOSUITests */,
			);
		};
/* End PBXProject section */

/* Begin PBXResourcesBuildPhase section */
		2250D30E29C6525200521C78 /* Resources */ = {
			isa = PBXResourcesBuildPhase;
			buildActionMask = 2147483647;
			files = (
				2250D31C29C6525500521C78 /* Preview Assets.xcassets in Resources */,
				2250D31829C6525500521C78 /* Assets.xcassets in Resources */,
			);
			runOnlyForDeploymentPostprocessing = 0;
		};
		2250D31F29C6525500521C78 /* Resources */ = {
			isa = PBXResourcesBuildPhase;
			buildActionMask = 2147483647;
			files = (
			);
			runOnlyForDeploymentPostprocessing = 0;
		};
		2250D32929C6525500521C78 /* Resources */ = {
			isa = PBXResourcesBuildPhase;
			buildActionMask = 2147483647;
			files = (
			);
			runOnlyForDeploymentPostprocessing = 0;
		};
/* End PBXResourcesBuildPhase section */

/* Begin PBXSourcesBuildPhase section */
		2250D30C29C6525200521C78 /* Sources */ = {
			isa = PBXSourcesBuildPhase;
			buildActionMask = 2147483647;
			files = (
				2250D31629C6525200521C78 /* ContentView.swift in Sources */,
				2250D31429C6525200521C78 /* RamblieIOSApp.swift in Sources */,
			);
			runOnlyForDeploymentPostprocessing = 0;
		};
		2250D31D29C6525500521C78 /* Sources */ = {
			isa = PBXSourcesBuildPhase;
			buildActionMask = 2147483647;
			files = (
				2250D32629C6525500521C78 /* RamblieIOSTests.swift in Sources */,
			);
			runOnlyForDeploymentPostprocessing = 0;
		};
		2250D32729C6525500521C78 /* Sources */ = {
			isa = PBXSourcesBuildPhase;
			buildActionMask = 2147483647;
			files = (
				2250D33029C6525500521C78 /* RamblieIOSUITests.swift in Sources */,
				2250D33229C6525500521C78 /* RamblieIOSUITestsLaunchTests.swift in Sources */,
			);
			runOnlyForDeploymentPostprocessing = 0;
		};
/* End PBXSourcesBuildPhase section */

/* Begin PBXTargetDependency section */
		2250D32329C6525500521C78 /* PBXTargetDependency */ = {
			isa = PBXTargetDependency;
			target = 2250D30F29C6525200521C78 /* RamblieIOS */;
			targetProxy = 2250D32229C6525500521C78 /* PBXContainerItemProxy */;
		};
		2250D32D29C6525500521C78 /* PBXTargetDependency */ = {
			isa = PBXTargetDependency;
			target = 2250D30F29C6525200521C78 /* RamblieIOS */;
			targetProxy = 2250D32C29C6525500521C78 /* PBXContainerItemProxy */;
		};
/* End PBXTargetDependency section */

/* Begin XCBuildConfiguration section */
		2250D33329C6525500521C78 /* Debug */ = {
			isa = XCBuildConfiguration;
			buildSettings = {
				ALWAYS_SEARCH_USER_PATHS = NO;
				CLANG_ANALYZER_NONNULL = YES;
				CLANG_ANALYZER_NUMBER_OBJECT_CONVERSION = YES_AGGRESSIVE;
				CLANG_CXX_LANGUAGE_STANDARD = "gnu++20";
				CLANG_ENABLE_MODULES = YES;
				CLANG_ENABLE_OBJC_ARC = YES;
				CLANG_ENABLE_OBJC_WEAK = YES;
				CLANG_WARN_BLOCK_CAPTURE_AUTORELEASING = YES;
				CLANG_WARN_BOOL_CONVERSION = YES;
				CLANG_WARN_COMMA = YES;
				CLANG_WARN_CONSTANT_CONVERSION = YES;
				CLANG_WARN_DEPRECATED_OBJC_IMPLEMENTATIONS = YES;
				CLANG_WARN_DIRECT_OBJC_ISA_USAGE = YES_ERROR;
				CLANG_WARN_DOCUMENTATION_COMMENTS = YES;
				CLANG_WARN_EMPTY_BODY = YES;
				CLANG_WARN_ENUM_CONVERSION = YES;
				CLANG_WARN_INFINITE_RECURSION = YES;
				CLANG_WARN_INT_CONVERSION = YES;
				CLANG_WARN_NON_LITERAL_NULL_CONVERSION = YES;
				CLANG_WARN_OBJC_IMPLICIT_RETAIN_SELF = YES;
				CLANG_WARN_OBJC_LITERAL_CONVERSION = YES;
				CLANG_WARN_OBJC_ROOT_CLASS = YES_ERROR;
				CLANG_WARN_QUOTED_INCLUDE_IN_FRAMEWORK_HEADER = YES;
				CLANG_WARN_RANGE_LOOP_ANALYSIS = YES;
				CLANG_WARN_STRICT_PROTOTYPES = YES;
				CLANG_WARN_SUSPICIOUS_MOVE = YES;
				CLANG_WARN_UNGUARDED_AVAILABILITY = YES_AGGRESSIVE;
				CLANG_WARN_UNREACHABLE_CODE = YES;
				CLANG_WARN__DUPLICATE_METHOD_MATCH = YES;
				COPY_PHASE_STRIP = NO;
				DEBUG_INFORMATION_FORMAT = dwarf;
				ENABLE_STRICT_OBJC_MSGSEND = YES;
				ENABLE_TESTABILITY = YES;
				GCC_C_LANGUAGE_STANDARD = gnu11;
				GCC_DYNAMIC_NO_PIC = NO;
				GCC_NO_COMMON_BLOCKS = YES;
				GCC_OPTIMIZATION_LEVEL = 0;
				GCC_PREPROCESSOR_DEFINITIONS = (
					"DEBUG=1",
					"$(inherited)",
				);
				GCC_WARN_64_TO_32_BIT_CONVERSION = YES;
				GCC_WARN_ABOUT_RETURN_TYPE = YES_ERROR;
				GCC_WARN_UNDECLARED_SELECTOR = YES;
				GCC_WARN_UNINITIALIZED_AUTOS = YES_AGGRESSIVE;
				GCC_WARN_UNUSED_FUNCTION = YES;
				GCC_WARN_UNUSED_VARIABLE = YES;
				IPHONEOS_DEPLOYMENT_TARGET = 16.0;
				MACOSX_DEPLOYMENT_TARGET = 12.3;
				MTL_ENABLE_DEBUG_INFO = INCLUDE_SOURCE;
				MTL_FAST_MATH = YES;
				ONLY_ACTIVE_ARCH = YES;
				SWIFT_ACTIVE_COMPILATION_CONDITIONS = DEBUG;
				SWIFT_OPTIMIZATION_LEVEL = "-Onone";
			};
			name = Debug;
		};
		2250D33429C6525500521C78 /* Release */ = {
			isa = XCBuildConfiguration;
			buildSettings = {
				ALWAYS_SEARCH_USER_PATHS = NO;
				CLANG_ANALYZER_NONNULL = YES;
				CLANG_ANALYZER_NUMBER_OBJECT_CONVERSION = YES_AGGRESSIVE;
				CLANG_CXX_LANGUAGE_STANDARD = "gnu++20";
				CLANG_ENABLE_MODULES = YES;
				CLANG_ENABLE_OBJC_ARC = YES;
				CLANG_ENABLE_OBJC_WEAK = YES;
				CLANG_WARN_BLOCK_CAPTURE_AUTORELEASING = YES;
				CLANG_WARN_BOOL_CONVERSION = YES;
				CLANG_WARN_COMMA = YES;
				CLANG_WARN_CONSTANT_CONVERSION = YES;
				CLANG_WARN_DEPRECATED_OBJC_IMPLEMENTATIONS = YES;
				CLANG_WARN_DIRECT_OBJC_ISA_USAGE = YES_ERROR;
				CLANG_WARN_DOCUMENTATION_COMMENTS = YES;
				CLANG_WARN_EMPTY_BODY = YES;
				CLANG_WARN_ENUM_CONVERSION = YES;
				CLANG_WARN_INFINITE_RECURSION = YES;
				CLANG_WARN_INT_CONVERSION = YES;
				CLANG_WARN_NON_LITERAL_NULL_CONVERSION = YES;
				CLANG_WARN_OBJC_IMPLICIT_RETAIN_SELF = YES;
				CLANG_WARN_OBJC_LITERAL_CONVERSION = YES;
				CLANG_WARN_OBJC_ROOT_CLASS = YES_ERROR;
				CLANG_WARN_QUOTED_INCLUDE_IN_FRAMEWORK_HEADER = YES;
				CLANG_WARN_RANGE_LOOP_ANALYSIS = YES;
				CLANG_WARN_STRICT_PROTOTYPES = YES;
				CLANG_WARN_SUSPICIOUS_MOVE = YES;
				CLANG_WARN_UNGUARDED_AVAILABILITY = YES_AGGRESSIVE;
				CLANG_WARN_UNREACHABLE_CODE = YES;
				CLANG_WARN__DUPLICATE_METHOD_MATCH = YES;
				COPY_PHASE_STRIP = NO;
				DEBUG_INFORMATION_FORMAT = "dwarf-with-dsym";
				ENABLE_NS_ASSERTIONS = NO;
				ENABLE_STRICT_OBJC_MSGSEND = YES;
				GCC_C_LANGUAGE_STANDARD = gnu11;
				GCC_NO_COMMON_BLOCKS = YES;
				GCC_WARN_64_TO_32_BIT_CONVERSION = YES;
				GCC_WARN_ABOUT_RETURN_TYPE = YES_ERROR;
				GCC_WARN_UNDECLARED_SELECTOR = YES;
				GCC_WARN_UNINITIALIZED_AUTOS = YES_AGGRESSIVE;
				GCC_WARN_UNUSED_FUNCTION = YES;
				GCC_WARN_UNUSED_VARIABLE = YES;
				IPHONEOS_DEPLOYMENT_TARGET = 16.0;
				MACOSX_DEPLOYMENT_TARGET = 12.3;
				MTL_ENABLE_DEBUG_INFO = NO;
				MTL_FAST_MATH = YES;
				SWIFT_COMPILATION_MODE = wholemodule;
				SWIFT_OPTIMIZATION_LEVEL = "-O";
			};
			name = Release;
		};
		2250D33629C6525500521C78 /* Debug */ = {
			isa = XCBuildConfiguration;
			buildSettings = {
				ASSETCATALOG_COMPILER_APPICON_NAME = AppIcon;
				ASSETCATALOG_COMPILER_GLOBAL_ACCENT_COLOR_NAME = AccentColor;
				CODE_SIGN_ENTITLEMENTS = RamblieIOS/RamblieIOS.entitlements;
				CODE_SIGN_IDENTITY = "Apple Development";
				CODE_SIGN_STYLE = Automatic;
				CURRENT_PROJECT_VERSION = 1;
				DEVELOPMENT_ASSET_PATHS = "\"RamblieIOS/Preview Content\"";
				DEVELOPMENT_TEAM = 8Z95KYZR4J;
				ENABLE_PREVIEWS = YES;
				GENERATE_INFOPLIST_FILE = YES;
				"INFOPLIST_KEY_UIApplicationSceneManifest_Generation[sdk=iphoneos*]" = YES;
				"INFOPLIST_KEY_UIApplicationSceneManifest_Generation[sdk=iphonesimulator*]" = YES;
				"INFOPLIST_KEY_UIApplicationSupportsIndirectInputEvents[sdk=iphoneos*]" = YES;
				"INFOPLIST_KEY_UIApplicationSupportsIndirectInputEvents[sdk=iphonesimulator*]" = YES;
				"INFOPLIST_KEY_UILaunchScreen_Generation[sdk=iphoneos*]" = YES;
				"INFOPLIST_KEY_UILaunchScreen_Generation[sdk=iphonesimulator*]" = YES;
				"INFOPLIST_KEY_UIStatusBarStyle[sdk=iphoneos*]" = UIStatusBarStyleDefault;
				"INFOPLIST_KEY_UIStatusBarStyle[sdk=iphonesimulator*]" = UIStatusBarStyleDefault;
				INFOPLIST_KEY_UISupportedInterfaceOrientations_iPad = "UIInterfaceOrientationPortrait UIInterfaceOrientationPortraitUpsideDown UIInterfaceOrientationLandscapeLeft UIInterfaceOrientationLandscapeRight";
				INFOPLIST_KEY_UISupportedInterfaceOrientations_iPhone = "UIInterfaceOrientationPortrait UIInterfaceOrientationLandscapeLeft UIInterfaceOrientationLandscapeRight";
				IPHONEOS_DEPLOYMENT_TARGET = 16.0;
				LD_RUNPATH_SEARCH_PATHS = "@executable_path/Frameworks";
				"LD_RUNPATH_SEARCH_PATHS[sdk=macosx*]" = "@executable_path/../Frameworks";
				MACOSX_DEPLOYMENT_TARGET = 12.3;
				MARKETING_VERSION = 1.0;
				PRODUCT_BUNDLE_IDENTIFIER = com.ramblie.ramblieios;
				PRODUCT_NAME = "$(TARGET_NAME)";
				PROVISIONING_PROFILE_SPECIFIER = "";
				SDKROOT = auto;
				SUPPORTED_PLATFORMS = "iphoneos iphonesimulator macosx";
				SWIFT_EMIT_LOC_STRINGS = YES;
				SWIFT_VERSION = 5.0;
				TARGETED_DEVICE_FAMILY = "1,2";
			};
			name = Debug;
		};
		2250D33729C6525500521C78 /* Release */ = {
			isa = XCBuildConfiguration;
			buildSettings = {
				ASSETCATALOG_COMPILER_APPICON_NAME = AppIcon;
				ASSETCATALOG_COMPILER_GLOBAL_ACCENT_COLOR_NAME = AccentColor;
				CODE_SIGN_ENTITLEMENTS = RamblieIOS/RamblieIOS.entitlements;
				CODE_SIGN_IDENTITY = "Apple Development";
				CODE_SIGN_STYLE = Automatic;
				CURRENT_PROJECT_VERSION = 1;
				DEVELOPMENT_ASSET_PATHS = "\"RamblieIOS/Preview Content\"";
				DEVELOPMENT_TEAM = 8Z95KYZR4J;
				ENABLE_PREVIEWS = YES;
				GENERATE_INFOPLIST_FILE = YES;
				"INFOPLIST_KEY_UIApplicationSceneManifest_Generation[sdk=iphoneos*]" = YES;
				"INFOPLIST_KEY_UIApplicationSceneManifest_Generation[sdk=iphonesimulator*]" = YES;
				"INFOPLIST_KEY_UIApplicationSupportsIndirectInputEvents[sdk=iphoneos*]" = YES;
				"INFOPLIST_KEY_UIApplicationSupportsIndirectInputEvents[sdk=iphonesimulator*]" = YES;
				"INFOPLIST_KEY_UILaunchScreen_Generation[sdk=iphoneos*]" = YES;
				"INFOPLIST_KEY_UILaunchScreen_Generation[sdk=iphonesimulator*]" = YES;
				"INFOPLIST_KEY_UIStatusBarStyle[sdk=iphoneos*]" = UIStatusBarStyleDefault;
				"INFOPLIST_KEY_UIStatusBarStyle[sdk=iphonesimulator*]" = UIStatusBarStyleDefault;
				INFOPLIST_KEY_UISupportedInterfaceOrientations_iPad = "UIInterfaceOrientationPortrait UIInterfaceOrientationPortraitUpsideDown UIInterfaceOrientationLandscapeLeft UIInterfaceOrientationLandscapeRight";
				INFOPLIST_KEY_UISupportedInterfaceOrientations_iPhone = "UIInterfaceOrientationPortrait UIInterfaceOrientationLandscapeLeft UIInterfaceOrientationLandscapeRight";
				IPHONEOS_DEPLOYMENT_TARGET = 16.0;
				LD_RUNPATH_SEARCH_PATHS = "@executable_path/Frameworks";
				"LD_RUNPATH_SEARCH_PATHS[sdk=macosx*]" = "@executable_path/../Frameworks";
				MACOSX_DEPLOYMENT_TARGET = 12.3;
				MARKETING_VERSION = 1.0;
				PRODUCT_BUNDLE_IDENTIFIER = com.ramblie.ramblieios;
				PRODUCT_NAME = "$(TARGET_NAME)";
				PROVISIONING_PROFILE_SPECIFIER = "";
				SDKROOT = auto;
				SUPPORTED_PLATFORMS = "iphoneos iphonesimulator macosx";
				SWIFT_EMIT_LOC_STRINGS = YES;
				SWIFT_VERSION = 5.0;
				TARGETED_DEVICE_FAMILY = "1,2";
			};
			name = Release;
		};
		2250D33929C6525500521C78 /* Debug */ = {
			isa = XCBuildConfiguration;
			buildSettings = {
				ALWAYS_EMBED_SWIFT_STANDARD_LIBRARIES = YES;
				BUNDLE_LOADER = "$(TEST_HOST)";
				CODE_SIGN_STYLE = Automatic;
				CURRENT_PROJECT_VERSION = 1;
				GENERATE_INFOPLIST_FILE = YES;
				IPHONEOS_DEPLOYMENT_TARGET = 16.0;
				MACOSX_DEPLOYMENT_TARGET = 12.3;
				MARKETING_VERSION = 1.0;
				PRODUCT_BUNDLE_IDENTIFIER = ramblie.RamblieIOSTests;
				PRODUCT_NAME = "$(TARGET_NAME)";
				SDKROOT = auto;
				SUPPORTED_PLATFORMS = "iphoneos iphonesimulator macosx";
				SWIFT_EMIT_LOC_STRINGS = NO;
				SWIFT_VERSION = 5.0;
				TARGETED_DEVICE_FAMILY = "1,2";
				TEST_HOST = "$(BUILT_PRODUCTS_DIR)/RamblieIOS.app/$(BUNDLE_EXECUTABLE_FOLDER_PATH)/RamblieIOS";
			};
			name = Debug;
		};
		2250D33A29C6525500521C78 /* Release */ = {
			isa = XCBuildConfiguration;
			buildSettings = {
				ALWAYS_EMBED_SWIFT_STANDARD_LIBRARIES = YES;
				BUNDLE_LOADER = "$(TEST_HOST)";
				CODE_SIGN_STYLE = Automatic;
				CURRENT_PROJECT_VERSION = 1;
				GENERATE_INFOPLIST_FILE = YES;
				IPHONEOS_DEPLOYMENT_TARGET = 16.0;
				MACOSX_DEPLOYMENT_TARGET = 12.3;
				MARKETING_VERSION = 1.0;
				PRODUCT_BUNDLE_IDENTIFIER = ramblie.RamblieIOSTests;
				PRODUCT_NAME = "$(TARGET_NAME)";
				SDKROOT = auto;
				SUPPORTED_PLATFORMS = "iphoneos iphonesimulator macosx";
				SWIFT_EMIT_LOC_STRINGS = NO;
				SWIFT_VERSION = 5.0;
				TARGETED_DEVICE_FAMILY = "1,2";
				TEST_HOST = "$(BUILT_PRODUCTS_DIR)/RamblieIOS.app/$(BUNDLE_EXECUTABLE_FOLDER_PATH)/RamblieIOS";
			};
			name = Release;
		};
		2250D33C29C6525500521C78 /* Debug */ = {
			isa = XCBuildConfiguration;
			buildSettings = {
				ALWAYS_EMBED_SWIFT_STANDARD_LIBRARIES = YES;
				"CODE_SIGN_IDENTITY[sdk=macosx*]" = "Apple Development";
				CODE_SIGN_STYLE = Automatic;
				CURRENT_PROJECT_VERSION = 1;
				DEVELOPMENT_TEAM = 8Z95KYZR4J;
				GENERATE_INFOPLIST_FILE = YES;
				IPHONEOS_DEPLOYMENT_TARGET = 16.0;
				MACOSX_DEPLOYMENT_TARGET = 12.3;
				MARKETING_VERSION = 1.0;
				PRODUCT_BUNDLE_IDENTIFIER = ramblie.RamblieIOSUITests;
				PRODUCT_NAME = "$(TARGET_NAME)";
				SDKROOT = auto;
				SUPPORTED_PLATFORMS = "iphoneos iphonesimulator macosx";
				SWIFT_EMIT_LOC_STRINGS = NO;
				SWIFT_VERSION = 5.0;
				TARGETED_DEVICE_FAMILY = "1,2";
				TEST_TARGET_NAME = RamblieIOS;
			};
			name = Debug;
		};
		2250D33D29C6525500521C78 /* Release */ = {
			isa = XCBuildConfiguration;
			buildSettings = {
				ALWAYS_EMBED_SWIFT_STANDARD_LIBRARIES = YES;
				"CODE_SIGN_IDENTITY[sdk=macosx*]" = "Apple Development";
				CODE_SIGN_STYLE = Automatic;
				CURRENT_PROJECT_VERSION = 1;
				DEVELOPMENT_TEAM = 8Z95KYZR4J;
				GENERATE_INFOPLIST_FILE = YES;
				IPHONEOS_DEPLOYMENT_TARGET = 16.0;
				MACOSX_DEPLOYMENT_TARGET = 12.3;
				MARKETING_VERSION = 1.0;
				PRODUCT_BUNDLE_IDENTIFIER = ramblie.RamblieIOSUITests;
				PRODUCT_NAME = "$(TARGET_NAME)";
				SDKROOT = auto;
				SUPPORTED_PLATFORMS = "iphoneos iphonesimulator macosx";
				SWIFT_EMIT_LOC_STRINGS = NO;
				SWIFT_VERSION = 5.0;
				TARGETED_DEVICE_FAMILY = "1,2";
				TEST_TARGET_NAME = RamblieIOS;
			};
			name = Release;
		};
/* End XCBuildConfiguration section */

/* Begin XCConfigurationList section */
		2250D30B29C6525200521C78 /* Build configuration list for PBXProject "RamblieIOS" */ = {
			isa = XCConfigurationList;
			buildConfigurations = (
				2250D33329C6525500521C78 /* Debug */,
				2250D33429C6525500521C78 /* Release */,
			);
			defaultConfigurationIsVisible = 0;
			defaultConfigurationName = Release;
		};
		2250D33529C6525500521C78 /* Build configuration list for PBXNativeTarget "RamblieIOS" */ = {
			isa = XCConfigurationList;
			buildConfigurations = (
				2250D33629C6525500521C78 /* Debug */,
				2250D33729C6525500521C78 /* Release */,
			);
			defaultConfigurationIsVisible = 0;
			defaultConfigurationName = Release;
		};
		2250D33829C6525500521C78 /* Build configuration list for PBXNativeTarget "RamblieIOSTests" */ = {
			isa = XCConfigurationList;
			buildConfigurations = (
				2250D33929C6525500521C78 /* Debug */,
				2250D33A29C6525500521C78 /* Release */,
			);
			defaultConfigurationIsVisible = 0;
			defaultConfigurationName = Release;
		};
		2250D33B29C6525500521C78 /* Build configuration list for PBXNativeTarget "RamblieIOSUITests" */ = {
			isa = XCConfigurationList;
			buildConfigurations = (
				2250D33C29C6525500521C78 /* Debug */,
				2250D33D29C6525500521C78 /* Release */,
			);
			defaultConfigurationIsVisible = 0;
			defaultConfigurationName = Release;
		};
/* End XCConfigurationList section */
	};
	rootObject = 2250D30829C6525200521C78 /* Project object */;
}
